
Microsoft Visual Studio Solution File, Format Version 12.00
# Visual Studio Version 17
VisualStudioVersion = 17.4.33213.308
MinimumVisualStudioVersion = 10.0.40219.1
Project("{FAE04EC0-301F-11D3-BF4B-00C04F79EFBC}") = "GAS (Calculator)", "GAS (Calculator)\GAS (Calculator).csproj", "{2AF40566-7F23-4B4A-A7E2-904FB36D93D4}"
EndProject
Global
	GlobalSection(SolutionConfigurationPlatforms) = preSolution
		Debug|Any CPU = Debug|Any CPU
		Release|Any CPU = Release|Any CPU
	EndGlobalSection
	GlobalSection(ProjectConfigurationPlatforms) = postSolution
		{2AF40566-7F23-4B4A-A7E2-904FB36D93D4}.Debug|Any CPU.ActiveCfg = Debug|Any CPU
		{2AF40566-7F23-4B4A-A7E2-904FB36D93D4}.Debug|Any CPU.Build.0 = Debug|Any CPU
		{2AF40566-7F23-4B4A-A7E2-904FB36D93D4}.Release|Any CPU.ActiveCfg = Release|Any CPU
		{2AF40566-7F23-4B4A-A7E2-904FB36D93D4}.Release|Any CPU.Build.0 = Release|Any CPU
	EndGlobalSection
	GlobalSection(SolutionProperties) = preSolution
		HideSolutionNode = FALSE
	EndGlobalSection
	GlobalSection(ExtensibilityGlobals) = postSolution
		SolutionGuid = {73E4E214-C8B1-4127-9BB7-BB03F1ABF108}
	EndGlobalSection
EndGlobal
