
Microsoft Visual Studio Solution File, Format Version 12.00
# Visual Studio Version 17
VisualStudioVersion = 17.4.33213.308
MinimumVisualStudioVersion = 10.0.40219.1
Project("{FAE04EC0-301F-11D3-BF4B-00C04F79EFBC}") = "WebApplication1-Results", "WebApplication1-Results\WebApplication1-Results.csproj", "{DC2E7F48-2FD0-4D5C-9110-9446850D3653}"
EndProject
Global
	GlobalSection(SolutionConfigurationPlatforms) = preSolution
		Debug|Any CPU = Debug|Any CPU
		Release|Any CPU = Release|Any CPU
	EndGlobalSection
	GlobalSection(ProjectConfigurationPlatforms) = postSolution
		{DC2E7F48-2FD0-4D5C-9110-9446850D3653}.Debug|Any CPU.ActiveCfg = Debug|Any CPU
		{DC2E7F48-2FD0-4D5C-9110-9446850D3653}.Debug|Any CPU.Build.0 = Debug|Any CPU
		{DC2E7F48-2FD0-4D5C-9110-9446850D3653}.Release|Any CPU.ActiveCfg = Release|Any CPU
		{DC2E7F48-2FD0-4D5C-9110-9446850D3653}.Release|Any CPU.Build.0 = Release|Any CPU
	EndGlobalSection
	GlobalSection(SolutionProperties) = preSolution
		HideSolutionNode = FALSE
	EndGlobalSection
	GlobalSection(ExtensibilityGlobals) = postSolution
		SolutionGuid = {17F071A6-0E86-4E83-8832-292464041B69}
	EndGlobalSection
EndGlobal
