
Microsoft Visual Studio Solution File, Format Version 12.00
# Visual Studio Version 17
VisualStudioVersion = 17.4.33213.308
MinimumVisualStudioVersion = 10.0.40219.1
Project("{FAE04EC0-301F-11D3-BF4B-00C04F79EFBC}") = "Triangle of 55 Stars", "Triangle of 55 Stars\Triangle of 55 Stars.csproj", "{22E9867D-0E90-4B6B-A150-544D9E3035E6}"
EndProject
Global
	GlobalSection(SolutionConfigurationPlatforms) = preSolution
		Debug|Any CPU = Debug|Any CPU
		Release|Any CPU = Release|Any CPU
	EndGlobalSection
	GlobalSection(ProjectConfigurationPlatforms) = postSolution
		{22E9867D-0E90-4B6B-A150-544D9E3035E6}.Debug|Any CPU.ActiveCfg = Debug|Any CPU
		{22E9867D-0E90-4B6B-A150-544D9E3035E6}.Debug|Any CPU.Build.0 = Debug|Any CPU
		{22E9867D-0E90-4B6B-A150-544D9E3035E6}.Release|Any CPU.ActiveCfg = Release|Any CPU
		{22E9867D-0E90-4B6B-A150-544D9E3035E6}.Release|Any CPU.Build.0 = Release|Any CPU
	EndGlobalSection
	GlobalSection(SolutionProperties) = preSolution
		HideSolutionNode = FALSE
	EndGlobalSection
	GlobalSection(ExtensibilityGlobals) = postSolution
		SolutionGuid = {FA1D4CDE-2339-4847-83F7-7A1D9E36B517}
	EndGlobalSection
EndGlobal
