
Microsoft Visual Studio Solution File, Format Version 12.00
# Visual Studio Version 17
VisualStudioVersion = 17.4.33213.308
MinimumVisualStudioVersion = 10.0.40219.1
Project("{FAE04EC0-301F-11D3-BF4B-00C04F79EFBC}") = "Problem A Square Made of Stars", "Problem A Square Made of Stars\Problem A Square Made of Stars.csproj", "{738A91C9-6746-4040-B521-AA56AE6CA49A}"
EndProject
Global
	GlobalSection(SolutionConfigurationPlatforms) = preSolution
		Debug|Any CPU = Debug|Any CPU
		Release|Any CPU = Release|Any CPU
	EndGlobalSection
	GlobalSection(ProjectConfigurationPlatforms) = postSolution
		{738A91C9-6746-4040-B521-AA56AE6CA49A}.Debug|Any CPU.ActiveCfg = Debug|Any CPU
		{738A91C9-6746-4040-B521-AA56AE6CA49A}.Debug|Any CPU.Build.0 = Debug|Any CPU
		{738A91C9-6746-4040-B521-AA56AE6CA49A}.Release|Any CPU.ActiveCfg = Release|Any CPU
		{738A91C9-6746-4040-B521-AA56AE6CA49A}.Release|Any CPU.Build.0 = Release|Any CPU
	EndGlobalSection
	GlobalSection(SolutionProperties) = preSolution
		HideSolutionNode = FALSE
	EndGlobalSection
	GlobalSection(ExtensibilityGlobals) = postSolution
		SolutionGuid = {5B2892D4-1552-43AD-B3B1-9B41F8FDB07F}
	EndGlobalSection
EndGlobal
